{
    "name": "esk8-nola-ride-companion",
    "version": "1.0.0",
    "lockfileVersion": 3,
    "requires": true,
    "packages": {
        "": {
            "name": "esk8-nola-ride-companion",
            "version": "1.0.0",
            "dependencies": {
                "@tailwindcss/vite": "^4.1.14",
                "@vitejs/plugin-react": "^5.0.4",
                "firebase": "^12.12.0",
                "lucide-react": "^0.546.0",
                "motion": "^12.23.24",
                "react": "^19.0.0",
                "react-dom": "^19.0.0",
                "vite": "^6.2.0"
            },
            "devDependencies": {
                "@types/node": "^22.14.0",
                "autoprefixer": "^10.4.21",
                "tailwindcss": "^4.1.14",
                "typescript": "~5.8.2",
                "vite": "^6.2.0"
            }
        },
        "node_modules/@babel/code-frame": {
            "version": "7.29.0",
            "resolved": "https://registry.npmjs.org/@babel/code-frame/-/code-frame-7.29.0.tgz",
            "integrity": "sha512-9NhCeYjq9+3uxgdtp20LSiJXJvN0FeCtNGpJxuMFZ1Kv3cWUNb6DOhJwUvcVCzKGR66cw4njwM6hrJLqgOwbcw==",
            "license": "MIT",
            "dependencies": {
                "@babel/helper-validator-identifier": "^7.28.5",
                "js-tokens": "^4.0.0",
                "picocolors": "^1.1.1"
            },
            "engines": {
                "node": ">=6.9.0"
            }
        },
        "node_modules/@babel/compat-data": {
            "version": "7.29.0",
            "resolved": "https://registry.npmjs.org/@babel/compat-data/-/compat-data-7.29.0.tgz",
            "integrity": "sha512-T1NCJqT/j9+cn8fvkt7jtwbLBfLC/1y1c7NtCeXFRgzGTsafi68MRv8yzkYSapBnFA6L3U2VSc02ciDzoAJhJg==",
            "license": "MIT",
            "engines": {
                "node": ">=6.9.0"
            }
        },
        "node_modules/@babel/core": {
            "version": "7.29.0",
            "resolved": "https://registry.npmjs.org/@babel/core/-/core-7.29.0.tgz",
            "integrity": "sha512-CGOfOJqWjg2qW/Mb6zNsDm+u5vFQ8DxXfbM09z69p5Z6+mE1ikP2jUXw+j42Pf1XTYED2Rni5f95npYeuwMDQA==",
            "license": "MIT",
            "dependencies": {
                "@babel/code-frame": "^7.29.0",
                "@babel/generator": "^7.29.0",
                "@babel/helper-compilation-targets": "^7.28.6",
                "@babel/helper-module-transforms": "^7.28.6",
                "@babel/helpers": "^7.28.6",
                "@babel/parser": "^7.29.0",
                "@babel/template": "^7.28.6",
                "@babel/traverse": "^7.29.0",
                "@babel/types": "^7.29.0",
                "@jridgewell/remapping": "^2.3.5",
                "convert-source-map": "^2.0.0",
                "debug": "^4.1.0",
                "gensync": "^1.0.0-beta.2",
                "json5": "^2.2.3",
                "semver": "^6.3.1"
            },
            "engines": {
                "node": ">=6.9.0"
            },
            "funding": {
                "type": "opencollective",
                "url": "https://opencollective.com/babel"
            }
        },
        "node_modules/@babel/generator": {
            "version": "7.29.1",
            "resolved": "https://registry.npmjs.org/@babel/generator/-/generator-7.29.1.tgz",
            "integrity": "sha512-qsaF+9Qcm2Qv8SRIMMscAvG4O3lJ0F1GuMo5HR/Bp02LopNgnZBC/EkbevHFeGs4ls/oPz9v+Bsmzbkbe+0dUw==",
            "license": "MIT",
            "dependencies": {
                "@babel/parser": "^7.29.0",
                "@babel/types": "^7.29.0",
                "@jridgewell/gen-mapping": "^0.3.12",
                "@jridgewell/trace-mapping": "^0.3.28",
                "jsesc": "^3.0.2"
            },
            "engines": {
                "node": ">=6.9.0"
            }
        },
        "node_modules/@babel/helper-compilation-targets": {
            "version": "7.28.6",
            "resolved": "https://registry.npmjs.org/@babel/helper-compilation-targets/-/helper-compilation-targets-7.28.6.tgz",
            "integrity": "sha512-JYtls3hqi15fcx5GaSNL7SCTJ2MNmjrkHXg4FSpOA/grxK8KwyZ5bubHsCq8FXCkua6xhuaaBit+3b7+VZRfcA==",
            "license": "MIT",
            "dependencies": {
                "@babel/compat-data": "^7.28.6",
                "@babel/helper-validator-option": "^7.27.1",
                "browserslist": "^4.24.0",
                "lru-cache": "^5.1.1",
                "semver": "^6.3.1"
            },
            "engines": {
                "node": ">=6.9.0"
            }
        },
        "node_modules/@babel/helper-globals": {
            "version": "7.28.0",
            "resolved": "https://registry.npmjs.org/@babel/helper-globals/-/helper-globals-7.28.0.tgz",
            "integrity": "sha512-+W6cISkXFa1jXsDEdYA8HeevQT/FULhxzR99pxphltZcVaugps53THCeiWA8SguxxpSp3gKPiuYfSWopkLQ4hw==",
            "license": "MIT",
            "engines": {
                "node": ">=6.9.0"
            }
        },
        "node_modules/@babel/helper-module-imports": {
            "version": "7.28.6",
            "resolved": "https://registry.npmjs.org/@babel/helper-module-imports/-/helper-module-imports-7.28.6.tgz",
            "integrity": "sha512-l5XkZK7r7wa9LucGw9LwZyyCUscb4x37JWTPz7swwFE/0FMQAGpiWUZn8u9DzkSBWEcK25jmvubfpw2dnAMdbw==",
            "license": "MIT",
            "dependencies": {
                "@babel/traverse": "^7.28.6",
                "@babel/types": "^7.28.6"
            },
            "engines": {
                "node": ">=6.9.0"
            }
        },
        "node_modules/@babel/helper-module-transforms": {
            "version": "7.28.6",
            "resolved": "https://registry.npmjs.org/@babel/helper-module-transforms/-/helper-module-transforms-7.28.6.tgz",
            "integrity": "sha512-67oXFAYr2cDLDVGLXTEABjdBJZ6drElUSI7WKp70NrpyISso3plG9SAGEF6y7zbha/wOzUByWWTJvEDVNIUGcA==",
            "license": "MIT",
            "dependencies": {
                "@babel/helper-module-imports": "^7.28.6",
                "@babel/helper-validator-identifier": "^7.28.5",
                "@babel/traverse": "^7.28.6"
            },
            "engines": {
                "node": ">=6.9.0"
            },
            "peerDependencies": {
                "@babel/core": "^7.0.0"
            }
        },
        "node_modules/@babel/helper-plugin-utils": {
            "version": "7.28.6",
            "resolved": "https://registry.npmjs.org/@babel/helper-plugin-utils/-/helper-plugin-utils-7.28.6.tgz",
            "integrity": "sha512-S9gzZ/bz83GRysI7gAD4wPT/AI3uCnY+9xn+Mx/KPs2JwHJIz1W8PZkg2cqyt3RNOBM8ejcXhV6y8Og7ly/Dug==",
            "license": "MIT",
            "engines": {
                "node": ">=6.9.0"
            }
        },
        "node_modules/@babel/helper-string-parser": {
            "version": "7.27.1",
            "resolved": "https://registry.npmjs.org/@babel/helper-string-parser/-/helper-string-parser-7.27.1.tgz",
            "integrity": "sha512-qMlSxKbpRlAridDExk92nSobyDdpPijUq2DW6oDnUqd0iOGxmQjyqhMIihI9+zv4LPyZdRje2cavWPbCbWm3eA==",
            "license": "MIT",
            "engines": {
                "node": ">=6.9.0"
            }
        },
        "node_modules/@babel/helper-validator-identifier": {
            "version": "7.28.5",
            "resolved": "https://registry.npmjs.org/@babel/helper-validator-identifier/-/helper-validator-identifier-7.28.5.tgz",
            "integrity": "sha512-qSs4ifwzKJSV39ucNjsvc6WVHs6b7S03sOh2OcHF9UHfVPqWWALUsNUVzhSBiItjRZoLHx7nIarVjqKVusUZ1Q==",
            "license": "MIT",
            "engines": {
                "node": ">=6.9.0"
            }
        },
        "node_modules/@babel/helper-validator-option": {
            "version": "7.27.1",
            "resolved": "https://registry.npmjs.org/@babel/helper-validator-option/-/helper-validator-option-7.27.1.tgz",
            "integrity": "sha512-YvjJow9FxbhFFKDSuFnVCe2WxXk1zWc22fFePVNEaWJEu8IrZVlda6N0uHwzZrUM1il7NC9Mlp4MaJYbYd9JSg==",
            "license": "MIT",
            "engines": {
                "node": ">=6.9.0"
            }
        },
        "node_modules/@babel/helpers": {
            "version": "7.29.2",
            "resolved": "https://registry.npmjs.org/@babel/helpers/-/helpers-7.29.2.tgz",
            "integrity": "sha512-HoGuUs4sCZNezVEKdVcwqmZN8GoHirLUcLaYVNBK2J0DadGtdcqgr3BCbvH8+XUo4NGjNl3VOtSjEKNzqfFgKw==",
            "license": "MIT",
            "dependencies": {
                "@babel/template": "^7.28.6",
                "@babel/types": "^7.29.0"
            },
            "engines": {
                "node": ">=6.9.0"
            }
        },
        "node_modules/@babel/parser": {
            "version": "7.29.2",
            "resolved": "https://registry.npmjs.org/@babel/parser/-/parser-7.29.2.tgz",
            "integrity": "sha512-4GgRzy/+fsBa72/RZVJmGKPmZu9Byn8o4MoLpmNe1m8ZfYnz5emHLQz3U4gLud6Zwl0RZIcgiLD7Uq7ySFuDLA==",
            "license": "MIT",
            "dependencies": {
                "@babel/types": "^7.29.0"
            },
            "bin": {
                "parser": "bin/babel-parser.js"
            },
            "engines": {
                "node": ">=6.0.0"
            }
        },
        "node_modules/@babel/plugin-transform-react-jsx-self": {
            "version": "7.27.1",
            "resolved": "https://registry.npmjs.org/@babel/plugin-transform-react-jsx-self/-/plugin-transform-react-jsx-self-7.27.1.tgz",
            "integrity": "sha512-6UzkCs+ejGdZ5mFFC/OCUrv028ab2fp1znZmCZjAOBKiBK2jXD1O+BPSfX8X2qjJ75fZBMSnQn3Rq2mrBJK2mw==",
            "license": "MIT",
            "dependencies": {
                "@babel/helper-plugin-utils": "^7.27.1"
            },
            "engines": {
                "node": ">=6.9.0"
            },
            "peerDependencies": {
                "@babel/core": "^7.0.0-0"
            }
        },
        "node_modules/@babel/plugin-transform-react-jsx-source": {
            "version": "7.27.1",
            "resolved": "https://registry.npmjs.org/@babel/plugin-transform-react-jsx-source/-/plugin-transform-react-jsx-source-7.27.1.tgz",
            "integrity": "sha512-zbwoTsBruTeKB9hSq73ha66iFeJHuaFkUbwvqElnygoNbj/jHRsSeokowZFN3CZ64IvEqcmmkVe89OPXc7ldAw==",
            "license": "MIT",
            "dependencies": {
                "@babel/helper-plugin-utils": "^7.27.1"
            },
            "engines": {
                "node": ">=6.9.0"
            },
            "peerDependencies": {
                "@babel/core": "^7.0.0-0"
            }
        },
        "node_modules/@babel/template": {
            "version": "7.28.6",
            "resolved": "https://registry.npmjs.org/@babel/template/-/template-7.28.6.tgz",
            "integrity": "sha512-YA6Ma2KsCdGb+WC6UpBVFJGXL58MDA6oyONbjyF/+5sBgxY/dwkhLogbMT2GXXyU84/IhRw/2D1Os1B/giz+BQ==",
            "license": "MIT",
            "dependencies": {
                "@babel/code-frame": "^7.28.6",
                "@babel/parser": "^7.28.6",
                "@babel/types": "^7.28.6"
            },
            "engines": {
                "node": ">=6.9.0"
            }
        },
        "node_modules/@babel/traverse": {
            "version": "7.29.0",
            "resolved": "https://registry.npmjs.org/@babel/traverse/-/traverse-7.29.0.tgz",
            "integrity": "sha512-4HPiQr0X7+waHfyXPZpWPfWL/J7dcN1mx9gL6WdQVMbPnF3+ZhSMs8tCxN7oHddJE9fhNE7+lxdnlyemKfJRuA==",
            "license": "MIT",
            "dependencies": {
                "@babel/code-frame": "^7.29.0",
                "@babel/generator": "^7.29.0",
                "@babel/helper-globals": "^7.28.0",
                "@babel/parser": "^7.29.0",
                "@babel/template": "^7.28.6",
                "@babel/types": "^7.29.0",
                "debug": "^4.3.1"
            },
            "engines": {
                "node": ">=6.9.0"
            }
        },
        "node_modules/@babel/types": {
            "version": "7.29.0",
            "resolved": "https://registry.npmjs.org/@babel/types/-/types-7.29.0.tgz",
            "integrity": "sha512-LwdZHpScM4Qz8Xw2iKSzS+cfglZzJGvofQICy7W7v4caru4EaAmyUuO6BGrbyQ2mYV11W0U8j5mBhd14dd3B0A==",
            "license": "MIT",
            "dependencies": {
                "@babel/helper-string-parser": "^7.27.1",
                "@babel/helper-validator-identifier": "^7.28.5"
            },
            "engines": {
                "node": ">=6.9.0"
            }
        },
        "node_modules/@firebase/ai": {
            "version": "2.11.0",
            "resolved": "https://registry.npmjs.org/@firebase/ai/-/ai-2.11.0.tgz",
            "integrity": "sha512-+oqOne/h5J51LezazR+VyzKe3AK455W29JXnb4jOeVvQhC7FymledN5+XE+w5vEcMhRQ6n1f62fdGs4A44X32A==",
            "license": "Apache-2.0",
            "dependencies": {
                "@firebase/app-check-interop-types": "0.3.3",
                "@firebase/component": "0.7.2",
                "@firebase/logger": "0.5.0",
                "@firebase/util": "1.15.0",
                "tslib": "^2.1.0"
            },
            "engines": {
                "node": ">=20.0.0"
            },
            "peerDependencies": {
                "@firebase/app": "0.x",
                "@firebase/app-types": "0.x"
            }
        },
        "node_modules/@{Ó­5¶‰žËkºwµçGVS×¶vV$—FVÔæÖWÐÐ¢öä6†ævS×²†R’Óâ6WDvV$—FVÔæÖR†RçF&vWBçfÇVR—ÐÐ¢6Æ74æÖSÒ'rÖgVÆÂ&rÕ²3SSUÒ&÷&FW"&÷&FW"Õ²3335Ò&÷VæFVB×†ÂÓBFW‡B×v†—FRföçBÖ&öÆBWW&66R÷WFÆ–æRÖæöæRfö7W3¦&÷&FW"Ö&ÇVRÓSG&ç6—F–öâÖ6öÆ÷'2Æ6V†öÆFW#§FW‡BÕ²3335Ò Ð¢óàÐ¢Ç6VÆV7@Ð¢fÇVS×¶vV$—FVÕG—WÐÐ¢öä6†ævS×²†R’ÓàÐ¢6WDvV$—FVÕG—R€Ð¢RçF&vWBçfÇVR2vV$W†6†ævT—FVÕ²&—FVÕG—R%ÒÀÐ¢Ð¢ÐÐ¢6Æ74æÖSÒ'rÖgVÆÂ&rÕ²3SSUÒ&÷&FW"&÷&FW"Õ²3335Ò&÷VæFVB×†ÂÓBFW‡B×v†—FRföçBÖ&öÆBWW&66R÷WFÆ–æRÖæöæRfö7W3¦&÷&FW"Ö&ÇVRÓSG&ç6—F–öâÖ6öÆ÷'2 Ð¢àÐ¢Æ÷F–öâfÇVSÒ&&ö&B#ä&ö&CÂö÷F–öãàÐ¢Æ÷F–öâfÇVSÒ&†VÆÖWB#ä†VÆÖWCÂö÷F–öãàÐ¢Æ÷F–öâfÇVSÒ'B#åG3Âö÷F–öãàÐ¢Æ÷F–öâfÇVSÒ'FööÂ#åFööÃÂö÷F–öãàÐ¢Æ÷F–öâfÇVSÒ&÷F†W"#ä÷F†W#Âö÷F–öãàÐ¢Â÷6VÆV7CàÐ¢Æ'WGFöàÐ¢öä6Æ–6³×²‚’Óâ°Ð¢–b†vV$—FVÔæÖRçG&–Ò‚’’°Ð¢FDvV$—FVÒ†vV$—FVÔæÖRÂvV$—FVÕG—R“°Ð¢6WDvV$—FVÔæÖR‚""“°Ð¢ÐÐ¢×ÐÐ¢6Æ74æÖSÒ'rÖgVÆÂ’ÓB&rÖ&ÇVRÓcFW‡B×v†—FR&÷VæFVB×†ÂföçBÖ&Æ6²WW&66RG&6¶–ær×F–v‡FW"†÷fW#¦&rÖ&ÇVRÓSG&ç6—F–öâÖ6öÆ÷'2 Ð¢àÐ¢Æ—7BvV"—FVÐÐ¢Âö'WGFöãàÐ¢ÂöF—càÐ¢ÂöF—càÐ Ð¢²ò¢vV"Æ—7B¢÷ÐÐ¢ÆF—b6Æ74æÖSÒ&fÆW‚fÆW‚Ö6öÂ#àÐ¢ÄÆ&VÃä7F—fRÆ—7F–æw3ÂôÆ&VÃàÐ¢ÆF—b6Æ74æÖSÒ&fÆW‚Ó÷fW&fÆ÷r×’ÖWFòÖ‚Ö‚Õ³3…Ò76R×’Ó2"Ó"7W7FöÒ×67&öÆÆ&"#àÐ¢¶vV$—FV×2æÆVæwF‚âò€Ð¢vV$—FV×2æÖ‚†—FVÒ’Óâ€Ð¢ÆF—`Ð¢¶W“×¶—FVÒæ–GÐÐ¢6Æ74æÖSÒ&&rÕ²3SSUÒ&÷&FW"&÷&FW"Õ²3##%ÒÓB&÷VæFVBÓ'†ÂfÆW‚fÆW‚Ö6öÂ§W7F–g’Ö&WGvVVâvÓB Ð¢àÐ¢ÆF—b6Æ74æÖSÒ&fÆW‚§W7F–g’Ö&WGvVVâ—FV×2×7F'B#àÐ¢ÆF—càÐ¢ÆF—b6Æ74æÖSÒ'FW‡B×‡2föçBÖ&Æ6²WW&66RFW‡B×v†—FR#àÐ¢¶—FVÒæ—FVÔæÖWÐÐ¢ÂöF—càÐ¢ÆF—b6Æ74æÖSÒ'FW‡BÕ³…ÒföçBÖ&öÆBWW&66RFW‡BÕ²3SSUÒ#àÐ¢¶—FVÒæ÷væW$æÖWÒ(
"¶—FVÒæ—FVÕG—WÐÐ¢ÂöF—càÐ¢ÂöF—càÐ¢Ç7àÐ¢6Æ74æÖS×¶FW‡BÕ³‡…ÒföçBÖ&Æ6²WW&66RÓ‚Ó"&÷VæFVBÖÆrG¶—FVÒç7FGW2ÓÓÒ&f–Æ&ÆR"ò&&rÖw&VVâÓSó#FW‡BÖw&VVâÓS"¢&&r×&VBÓSó#FW‡B×&VBÓS'ÖÐÐ¢àÐ¢¶—FVÒç7FGW7ÐÐ¢Â÷7ãàÐ¢ÂöF—càÐ Ð¢ÆF—b6Æ74æÖSÒ&fÆW‚vÓ"#àÐ¢¶—FVÒç7FGW2ÓÓÒ&f–Æ&ÆR"ò€Ð¢Æ'WGFöàÐ¢öä6Æ–6³×²‚’Óâ&÷'&÷tvV"†—FVÒæ–B—ÐÐ¢6Æ74æÖSÒ&fÆW‚Ó’Ó"&rÕ²3##%Ò†÷fW#¦&rÖ&ÇVRÓcG&ç6—F–öâÖÆÂ&÷VæFVBÖÆrFW‡BÕ³—…ÒföçBÖ&Æ6²WW&66R Ð¢àÐ¢&÷'&÷pÐ¢Âö'WGFöãàÐ¢’¢€Ð¢†—FVÒæ&÷'&÷vW$–BÓÓÒ7W'&VçEW6W#òçV–BÇÀÐ¢—FVÒæ÷væW$–BÓÓÒ7W'&VçEW6W#òçV–B’bb€Ð¢Æ'WGFöàÐ¢öä6Æ–6³×²‚’Óâ&WGW&ävV"†—FVÒæ–B—ÐÐ¢6Æ74æÖSÒ&fÆW‚Ó’Ó"&rÕ²3##%Ò†÷fW#¦&rÖw&VVâÓcG&ç6—F–öâÖÆÂ&÷VæFVBÖÆrFW‡BÕ³—…ÒföçBÖ&Æ6²WW&66R Ð¢àÐ¢Ö&²2&WGW&æV@Ð¢Âö'WGFöãàÐ¢Ð¢—ÐÐ¢ÂöF—càÐ¢ÂöF—càÐ¢’Ð¢’¢€Ð¢ÆF—b6Æ74æÖSÒ'FW‡BÖ6VçFW"’ÓFW‡BÕ²3CCEÒFW‡BÕ³…ÒföçBÖ&Æ6²WW&66RG&6¶–ær×v–FW7B—FÆ–2#àÐ¢æòvV"–âF†RW†6†ævR–WBàÐ¢ÂöF—càÐ¢—ÐÐ¢ÂöF—càÐ¢ÂöF—càÐ¢ÂöF—càÐ¢ÂöF—càÐ¢ÂöÖ÷F–öâæF—càÐ¢ÂöÖ÷F–öâæF—càÐ¢—ÐÐ¢Âôæ–ÖFU&W6Væ6SàÐ Ð¢²ò¢&ö&BÔ6†V6²÷fW&Æ’¢÷ÐÐ¢Äæ–ÖFU&W6Væ6SàÐ¢·6†÷t&ö&D6†V6²bb€Ð¢ÆÖ÷F–öâæF—`Ð¢–æ—F–Ã×·²÷6—G“¢×ÐÐ¢æ–ÖFS×·²÷6—G“¢×ÐÐ¢W†—C×·²÷6—G“¢×ÐÐ¢6Æ74æÖSÒ&f—†VB–ç6WBÓ¢ÓS&rÖ&Æ6²ó“R&6¶G&÷Ö&ÇW"×6ÒfÆW‚—FV×2Ö6VçFW"§W7F–g’Ö6VçFW"Ób Ð¢àÐ¢ÆÖ÷F–öâæF—`Ð¢–æ—F–Ã×·²66ÆS¢ã’Â“¢#×ÐÐ¢æ–ÖFS×·²66ÆS¢Â“¢×ÐÐ¢6Æ74æÖSÒ&&rÕ²3Ò&÷&FW"&÷&FW"Õ²3##%Ò&÷VæFVBÕ³3'…ÒrÖgVÆÂÖ‚×rÖÖB÷fW&fÆ÷rÖ†–FFVâ&VÆF—fR Ð¢àÐ¢ÆF—b6Æ74æÖSÒ'Ó‚"ÓB#àÐ¢ÄÆ&VÂ6Æ74æÖSÒ'FW‡BÕ²4dcd#Ò#å6fWG’&÷Fö6öÃÂôÆ&VÃàÐ¢Æƒ"6Æ74æÖSÒ'FW‡BÓG†ÂföçBÖ&Æ6²G&6¶–ær×F–v‡FW"Ö"Ó"—FÆ–2#àÐ¢$ô$BÔ4„T4²òðÐ¢Âöƒ#àÐ¢Ç6Æ74æÖSÒ'FW‡BÕ³…ÒWW&66RföçBÖ&öÆBFW‡BÕ²3cceÒG&6¶–ærÕ³'…ÒÖ"Ó‚#àÐ¢fW&–f–6F–öâ&WV—&VBFòVævvRÖ÷F÷'0Ð¢Â÷àÐ Ð¢ÆF—b6Æ74æÖSÒ'76R×’Ó2Ö"Ó#àÐ¢´$ô$Eô4„T4´Ä•5BæÖ‚†—FVÒ’Óâ°Ð¢6öç7B–6öâÒ—FVÒæ–6öã°Ð¢6öç7B—46†V6¶VBÒ6†V6¶VD—FV×2æ†2†—FVÒæ–B“°Ð¢&WGW&â€Ð¢Æ'WGFöàÐ¢¶W“×¶—FVÒæ–GÐÐ¢öä6Æ–6³×²‚’ÓâFövvÆT6†V6¶Æ—7D—FVÒ†—FVÒæ–B—ÐÐ¢6Æ74æÖS×¶rÖgVÆÂÓR&÷VæFVBÓ'†ÂfÆW‚—FV×2Ö6VçFW"§W7F–g’Ö&WGvVVâG&ç6—F–öâÖÆÂ&÷&FW"G¶—46†V6¶VBò&&rÕ²4dcd#ÒóR&÷&FW"Õ²4dcd#Òó#FW‡B×v†—FR"¢&&rÕ²3SSUÒ&÷&FW"×G&ç7&VçBFW‡BÕ²3cceÒ'ÖÐÐ¢àÐ¢ÆF—b6Æ74æÖSÒ&fÆW‚—FV×2Ö6VçFW"vÓB#àÐ¢ÆF—`Ð¢6Æ74æÖS×¶G¶—46†V6¶VBò'FW‡BÕ²4dcd#Ò"¢'FW‡BÖ–æ†W&—B'ÖÐÐ¢àÐ¢Ä–6öâ6—¦S×³#ÒóàÐ¢ÂöF—càÐ¢Ç7â6Æ74æÖSÒ'FW‡B×6ÒföçBÖ&öÆBWW&66RG&6¶–ær×F–v‡B#àÐ¢¶—FVÒæÆ&VÇÐÐ¢Â÷7ãàÐ¢ÂöF—càÐ¢¶—46†V6¶VBò€Ð¢Ä6†V6´6—&6ÆS Ð¢6—¦S×³#ÐÐ¢6Æ74æÖSÒ'FW‡BÕ²4dcd#Ò Ð¢óàÐ¢’¢€Ð¢Ä6—&6ÆR6—¦S×³#ÒóàÐ¢—ÐÐ¢Âö'WGFöãàÐ¢“°Ð¢Ò—ÐÐ¢ÂöF—càÐ¢ÂöF—càÐ Ð¢ÆF—b6Æ74æÖSÒ'ÓB&rÕ²3SSUÒ#àÐ¢Æ'WGFöàÐ¢F—6&ÆVC×¶6†V6¶VD—FV×2ç6—¦RÂ$ô$Eô4„T4´Ä•5BæÆVæwF‡ÐÐ¢öä6Æ–6³×²‚’Óâ°Ð¢–b†—5G&6¶–ær’°Ð¢6WE6†÷t&ö&D6†V6²†fÇ6R“°Ð¢ÒVÇ6R°Ð¢7F'EG&6¶–ær‚“°Ð¢ÐÐ¢×ÐÐ¢6Æ74æÖS×¶rÖgVÆÂ’Ób&÷VæFVBÕ³#G…ÒföçBÖ&Æ6²FW‡B×†ÂWW&66RG&6¶–ær×F–v‡FW"fÆW‚—FV×2Ö6VçFW"§W7F–g’Ö6VçFW"vÓ2G&ç6—F–öâÖÆÂG¶6†V6¶VD—FV×2ç6—¦RÓÓÒ$ô$Eô4„T4´Ä•5BæÆVæwF‚ò&&rÕ²4dcd#ÒFW‡BÖ&Æ6²6†F÷rÕ³óóC…÷&v&ƒ#SRÃrÃÃãR•Ò"¢&&rÕ²3##%ÒFW‡BÕ²3CCEÒ7W'6÷"Öæ÷BÖÆÆ÷vVB'ÖÐÐ¢àÐ¢¶—5G&6¶–ærò$6Æ÷6R6†V6²"¢$6öæf—&ÒbVævvR'ÐÐ¢Âö'WGFöãàÐ¢Æ'WGFöàÐ¢öä6Æ–6³×²‚’Óâ6WE6†÷t&ö&D6†V6²†fÇ6R—ÐÐ¢6Æ74æÖSÒ'rÖgVÆÂFW‡BÖ6VçFW"’ÓBFW‡BÕ³…ÒWW&66RföçBÖ&öÆBFW‡BÕ²3CCEÒG&6¶–ær×v–FW7B Ð¢àÐ¢&÷'B6†V6°Ð¢Âö'WGFöãàÐ¢ÂöF—càÐ¢ÂöÖ÷F–öâæF—càÐ¢ÂöÖ÷F–öâæF—càÐ¢—ÐÐ¢Âôæ–ÖFU&W6Væ6SàÐ Ð¢²ò¢6fR¦öæRÖöFÂ¢÷ÐÐ¢Äæ–ÖFU&W6Væ6SàÐ¢·6†÷u6fU¦öæTÖöFÂbb€Ð¢ÆÖ÷F–öâæF—`Ð¢–æ—F–Ã×·²÷6—G“¢×ÐÐ¢æ–ÖFS×·²÷6—G“¢×ÐÐ¢W†—C×·²÷6—G“¢×ÐÐ¢6Æ74æÖSÒ&f—†VB–ç6WBÓ¢ÓS&rÖ&Æ6²ó“R&6¶G&÷Ö&ÇW"×6ÒfÆW‚—FV×2Ö6VçFW"§W7F–g’Ö6VçFW"Ób Ð¢àÐ¢ÆÖ÷F–öâæF—`Ð¢–æ—F–Ã×·²66ÆS¢ã’Â“¢#×ÐÐ¢æ–ÖFS×·²66ÆS¢Â“¢×ÐÐ¢6Æ74æÖSÒ&&rÕ²3Ò&÷&FW"&÷&FW"Õ²3##%Ò&÷VæFVBÕ³3'…ÒrÖgVÆÂÖ‚×r×6ÒÓ‚ Ð¢àÐ¢ÄÆ&VÂ6Æ74æÖSÒ'FW‡BÕ²4dcd#Ò#ä6öÖ×Væ—G’7÷GF–æsÂôÆ&VÃàÐ¢Æƒ"6Æ74æÖSÒ'FW‡BÓ7†ÂföçBÖ&Æ6²G&6¶–ær×F–v‡FW"Ö"Ób—FÆ–2FW‡B×v†—FRWW&66R#àÐ¢7÷B6fR¦öæPÐ¢Âöƒ#àÐ¢Æ–çW@Ð¢WFôfö7W0Ð¢G—SÒ'FW‡B Ð¢Æ6V†öÆFW#Ò&RærâÂVGV&öâ&²Æö÷ Ð¢öä¶W”F÷vã×²†R’Óâ°Ð¢–b†Ræ¶W’ÓÓÒ$VçFW""Ð¢&W÷'E6fU¦öæR†Ræ7W'&VçEF&vWBçfÇVR“°Ð¢×ÐÐ¢6Æ74æÖSÒ'rÖgVÆÂ&rÕ²3SSUÒ&÷&FW"&÷&FW"Õ²3335Ò&÷VæFVB×†ÂÓBFW‡B×v†—FRföçBÖ&öÆBWW&66R÷WFÆ–æRÖæöæRfö7W3¦&÷&FW"Õ²4dcd#ÒG&ç6—F–öâÖ6öÆ÷'2Ö"Ób Ð¢óàÐ¢ÆF—b6Æ74æÖSÒ&fÆW‚vÓ2#àÐ¢Æ'WGFöàÐ¢öä6Æ–6³×²‚’Óâ6WE6†÷u6fU¦öæTÖöFÂ†fÇ6R—ÐÐ¢6Æ74æÖSÒ&fÆW‚Ó’ÓBFW‡BÕ³…ÒföçBÖ&Æ6²WW&66RFW‡BÕ²3CCEÒ Ð¢àÐ¢6æ6VÀÐ¢Âö'WGFöãàÐ¢Æ'WGFöàÐ¢öä6Æ–6³×²†R’Óâ°Ð¢6öç7B–çWBÒRæ7W'&VçEF&vWBç&VçDVÆVÖVç@Ð¢òç&Wf–÷W4VÆVÖVçE6–&Æ–ær2…DÔÄ–çWDVÆVÖVçC°Ð¢&W÷'E6fU¦öæR†–çWBçfÇVR“°Ð¢×ÐÐ¢6Æ74æÖSÒ&fÆW‚Õ³%Ò’ÓB&rÕ²4dcd#ÒFW‡BÖ&Æ6²&÷VæFVB×†ÂföçBÖ&Æ6²FW‡BÕ³…ÒWW&66R6†F÷rÕ³óó#…÷&v&ƒ#SRÃrÃÃãR•Ò Ð¢àÐ¢6öæf—&Ò7÷@Ð¢Âö'WGFöãàÐ¢ÂöF—càÐ¢ÂöÖ÷F–öâæF—càÐ¢ÂöÖ÷F–öâæF—càÐ¢—ÐÐ¢Âôæ–ÖFU&W6Væ6SàÐ Ð¢²ò¢w&÷W&–FRÖöFÂ¢÷ÐÐ¢Äæ–ÖFU&W6Væ6SàÐ¢·6†÷tw&÷W&–FTÖöFÂbb€Ð¢ÆÖ÷F–öâæF—`Ð¢–æ—F–Ã×·²÷6—G“¢×ÐÐ¢æ–ÖFS×·²÷6—G“¢×ÐÐ¢W†—C×·²÷6—G“¢×ÐÐ¢6Æ74æÖSÒ&f—†VB–ç6WBÓ¢ÓS&rÖ&Æ6²ó“R&6¶G&÷Ö&ÇW"×6ÒfÆW‚—FV×2Ö6VçFW"§W7F–g’Ö6VçFW"Ób Ð¢àÐ¢ÆÖ÷F–öâæF—`Ð¢–æ—F–Ã×·²66ÆS¢ã’Â“¢#×ÐÐ¢æ–ÖFS×·²66ÆS¢Â“¢×ÐÐ¢6Æ74æÖSÒ&&rÕ²3Ò&÷&FW"&÷&FW"Õ²3##%Ò&÷VæFVBÕ³3'…ÒrÖgVÆÂÖ‚×r×6ÒÓ‚ Ð¢àÐ¢Æf÷&Òöå7V&Ö—C×¶7&VFTw&÷W&–FWÓàÐ¢ÄÆ&VÂ6Æ74æÖSÒ'FW‡BÕ²4dcd#Ò#å7VBÖævVÖVçCÂôÆ&VÃàÐ¢Æƒ"6Æ74æÖSÒ'FW‡BÓ7†ÂföçBÖ&Æ6²G&6¶–ær×F–v‡FW"Ö"Ób—FÆ–2FW‡B×v†—FRWW&66R#àÐ¢–æ—F–Æ—¦Rw&÷W Ð¢Âöƒ#àÐ¢Æ–çW@Ð¢WFôfö7W0Ð¢G—SÒ'FW‡B Ð¢fÇVS×·&–FUF—FÆWÐÐ¢öä6†ævS×²†R’Óâ6WE&–FUF—FÆR†RçF&vWBçfÇVR—ÐÐ¢Æ6V†öÆFW#Ò%&–FRF—FÆR†Rærâg&Væ6‚V'FW"fÇ’’ Ð¢6Æ74æÖSÒ'rÖgVÆÂ&rÕ²3SSUÒ&÷&FW"&÷&FW"Õ²3335Ò&÷VæFVB×†ÂÓBFW‡B×v†—FRföçBÖ&öÆBWW&66R÷WFÆ–æRÖæöæRfö7W3¦&÷&FW"Õ²4dcd#ÒG&ç6—F–öâÖ6öÆ÷'2Ö"Ób Ð¢óàÐ¢ÆF—b6Æ74æÖSÒ&fÆW‚vÓ2#àÐ¢Æ'WGFöàÐ¢G—SÒ&'WGFöâ Ð¢öä6Æ–6³×²‚’Óâ6WE6†÷tw&÷W&–FTÖöFÂ†fÇ6R—ÐÐ¢6Æ74æÖSÒ&fÆW‚Ó’ÓBFW‡BÕ³…ÒföçBÖ&Æ6²WW&66RFW‡BÕ²3CCEÒ Ð¢àÐ¢6æ6VÀÐ¢Âö'WGFöãàÐ¢Æ'WGFöàÐ¢G—SÒ'7V&Ö—B Ð¢6Æ74æÖSÒ&fÆW‚Õ³%Ò’ÓB&rÕ²4dcd#ÒFW‡BÖ&Æ6²&÷VæFVB×†ÂföçBÖ&Æ6²FW‡BÕ³…ÒWW&66R6†F÷rÕ³óó#…÷&v&ƒ#SRÃrÃÃãR•Ò Ð¢àÐ¢76VÖ&ÆR7&WpÐ¢Âö'WGFöãàÐ¢ÂöF—càÐ¢Âöf÷&ÓàÐ¢ÂöÖ÷F–öâæF—càÐ¢ÂöÖ÷F–öâæF—càÐ¢—ÐÐ¢Âôæ–ÖFU&W6Væ6SàÐ Ð¢²ò¢W'&÷"÷fW&Æ’¢÷ÐÐ¢Äæ–ÖFU&W6Væ6SàÐ¢¶W'&÷"bb€Ð¢ÆÖ÷F–öâæF—`Ð¢–æ—F–Ã×·²÷6—G“¢Â“¢#×ÐÐ¢æ–ÖFS×·²÷6—G“¢Â“¢×ÐÐ¢W†—C×·²÷6—G“¢×ÐÐ¢6Æ74æÖSÒ&f—†VB&÷GFöÒÓÆVgBÓó"×G&ç6ÆFR×‚Óó"¢ÓS‚Ób’ÓB&rÕ²4dc3335ÒFW‡B×v†—FR&÷VæFVBÓ'†ÂfÆW‚—FV×2Ö6VçFW"vÓ26†F÷rÓ'†Â Ð¢àÐ¢Å6†–VÆDÆW'B6—¦S×³#ÒóàÐ¢Ç6Æ74æÖSÒ'FW‡B×6ÒföçBÖ&Æ6²WW&66R#ç¶W'&÷'ÓÂ÷àÐ¢Æ'WGFöàÐ¢öä6Æ–6³×²‚’Óâ6WDW'&÷"†çVÆÂ—ÐÐ¢6Æ74æÖSÒ&ÖÂÓBFW‡BÕ³…ÒWW&66RföçBÖ&öÆB&rÖ&Æ6²ó#‚Ó"’Ó&÷VæFVB Ð¢àÐ¢F—6Ö—70Ð¢Âö'WGFöãàÐ¢ÂöÖ÷F–öâæF—càÐ¢—ÐÐ¢Âôæ–ÖFU&W6Væ6SàÐ Ð¢Æfö÷FW"6Æ74æÖSÒ&×BÓ‚FW‡BÖ6VçFW"FW‡BÕ³…ÒWW&66RföçBÖ&öÆBFW‡BÕ²3335ÒG&6¶–ærÕ³G…Ò†–FFVâÖC¦&Æö6²#àÐ¢G&6²F†R&–FRâ&÷FV7BF†R7&WrâòòU4³‚äôÄÐ¢Âöfö÷FW#àÐ¢ÂöF—càÐ Ð¢Ç7G–ÆSç¶ Ð¢¶W–g&ÖW2&÷Væ6R×7V'FÆR°Ð¢RÂR²G&ç6f÷&Ó¢G&ç6ÆFU’ƒ“²ÐÐ¢SR²G&ç6f÷&Ó¢G&ç6ÆFU’‚ÓG‚“²ÐÐ¢ÐÐ¢ææ–ÖFRÖ&÷Væ6R×7V'FÆR°Ð¢æ–ÖF–öã¢&÷Væ6R×7V'FÆR'2V6RÖ–âÖ÷WB–æf–æ—FS°Ð¢ÐÐ¢ÓÂ÷7G–ÆSàÐ¢ÂöF—càÐ¢“°Ð§ÐÐ 